// !$*UTF8*$!
{
	archiveVersion = 1;
	classes = {
	};
	objectVersion = 46;
	objects = {

/* Begin PBXBuildFile section */
		0513BA7F1F5E8C710090DD94 /* LeagueVC.swift in Sources */ = {isa = PBXBuildFile; fileRef = 0513BA7E1F5E8C710090DD94 /* LeagueVC.swift */; };
		0513BA811F5E8C810090DD94 /* SkillVC.swift in Sources */ = {isa = PBXBuildFile; fileRef = 0513BA801F5E8C810090DD94 /* SkillVC.swift */; };
		051A40FA1F5C99AE00D1DD90 /* AppDelegate.swift in Sources */ = {isa = PBXBuildFile; fileRef = 051A40F91F5C99AE00D1DD90 /* AppDelegate.swift */; };
		051A40FC1F5C99AE00D1DD90 /* WelcomeVC.swift in Sources */ = {isa = PBXBuildFile; fileRef = 051A40FB1F5C99AE00D1DD90 /* WelcomeVC.swift */; };
		051A40FF1F5C99AE00D1DD90 /* Main.storyboard in Resources */ = {isa = PBXBuildFile; fileRef = 051A40FD1F5C99AE00D1DD90 /* Main.storyboard */; };
		051A41011F5C99AE00D1DD90 /* Assets.xcassets in Resources */ = {isa = PBXBuildFile; fileRef = 051A41001F5C99AE00D1DD90 /* Assets.xcassets */; };
		051A41041F5C99AE00D1DD90 /* LaunchScreen.storyboard in Resources */ = {isa = PBXBuildFile; fileRef = 051A41021F5C99AE00D1DD90 /* LaunchScreen.storyboard */; };
		051A410D1F5C9F9700D1DD90 /* BorderButton.swift in Sources */ = {isa = PBXBuildFile; fileRef = 051A410C1F5C9F9700D1DD90 /* BorderButton.swift */; };
		055F92291F5E99E4000D3450 /* Player.swift in Sources */ = {isa = PBXBuildFile; fileRef = 055F92281F5E99E4000D3450 /* Player.swift */; };
/* End PBXBuildFile section */

/* Begin PBXFileReference section */
		0513BA7E1F5E8C710090DD94 /* LeagueVC.swift */ = {isa = PBXFileReference; fileEncoding = 4; lastKnownFileType = sourcecode.swift; path = LeagueVC.swift; sourceTree = "<group>"; };
		0513BA801F5E8C810090DD94 /* SkillVC.swift */ = {isa = PBXFileReference; fileEncoding = 4; lastKnownFileType = sourcecode.swift; path = SkillVC.swift; sourceTree = "<group>"; };
		051A40F61F5C99AE00D1DD90 /* app-swoosh.app */ = {isa = PBXFileReference; explicitFileType = wrapper.application; includeInIndex = 0; path = "app-swoosh.app"; sourceTree = BUILT_PRODUCTS_DIR; };
		051A40F91F5C99AE00D1DD90 /* AppDelegate.swift */ = {isa = PBXFileReference; lastKnownFileType = sourcecode.swift; path = AppDelegate.swift; sourceTree = "<group>"; };
		051A40FB1F5C99AE00D1DD90 /* WelcomeVC.swift */ = {isa = PBXFileReference; lastKnownFileType = sourcecode.swift; path = WelcomeVC.swift; sourceTree = "<group>"; };
		051A40FE1F5C99AE00D1DD90 /* Base */ = {isa = PBXFileReference; lastKnownFileType = file.storyboard; name = Base; path = Base.lproj/Main.storyboard; sourceTree = "<group>"; };
		051A41001F5C99AE00D1DD90 /* Assets.xcassets */ = {isa = PBXFileReference; lastKnownFileType = folder.assetcatalog; path = Assets.xcassets; sourceTree = "<group>"; };
		051A41031F5C99AE00D1DD90 /* Base */ = {isa = PBXFileReference; lastKnownFileType = file.storyboard; name = Base; path = Base.lproj/LaunchScreen.storyboard; sourceTree = "<group>"; };
		051A41051F5C99AE00D1DD90 /* Info.plist */ = {isa = PBXFileReference; lastKnownFileType = text.plist.xml; path = Info.plist; sourceTree = "<group>"; };
		051A410C1F5C9F9700D1DD90 /* BorderButton.swift */ = {isa = PBXFileReference; fileEncoding = 4; lastKnownFileType = sourcecode.swift; path = BorderButton.swift; sourceTree = "<group>"; };
		055F92281F5E99E4000D3450 /* Player.swift */ = {isa = PBXFileReference; fileEncoding = 4; lastKnownFileType = sourcecode.swift; path = Player.swift; sourceTree = "<group>"; };
/* End PBXFileReference section */

/* Begin PBXFrameworksBuildPhase section */
		051A40F31F5C99AE00D1DD90 /* Frameworks */ = {
			isa = PBXFrameworksBuildPhase;
			buildActionMask = 2147483647;
			files = (
			);
			runOnlyForDeploymentPostprocessing = 0;
		};
/* End PBXFrameworksBuildPhase section */

/* Begin PBXGroup section */
		0513BA7B1F5E8B190090DD94 /* Controller */ = {
			isa = PBXGroup;
			children = (
				051A40FB1F5C99AE00D1DD90 /* WelcomeVC.swift */,
				0513BA7E1F5E8C710090DD94 /* LeagueVC.swift */,
				0513BA801F5E8C810090DD94 /* SkillVC.swift */,
			);
			name = Controller;
			sourceTree = "<group>";
		};
		0513BA7D1F5E8B270090DD94 /* Model */ = {
			isa = PBXGroup;
			children = (
				055F92281F5E99E4000D3450 /* Player.swift */,
			);
			name = Model;
			sourceTree = "<group>";
		};
		051A40ED1F5C99AE00D1DD90 = {
			isa = PBXGroup;
			children = (
				051A40F81F5C99AE00D1DD90 /* app-swoosh */,
				051A40F71F5C99AE00D1DD90 /* Products */,
			);
			sourceTree = "<group>";
		};
		051A40F71F5C99AE00D1DD90 /* Products */ = {
			isa = PBXGroup;
			children = (
				051A40F61F5C99AE00D1DD90 /* app-swoosh.app */,
			);
			name = Products;
			sourceTree = "<group>";
		};
		051A40F81F5C99AE00D1DD90 /* app-swoosh */ = {
			isa = PBXGroup;
			children = (
				0513BA7D1F5E8B270090DD94 /* Model */,
				0513BA7B1F5E8B190090DD94 /* Controller */,
				051A410B1F5C9F3400D1DD90 /* View */,
				051A40F91F5C99AE00D1DD90 /* AppDelegate.swift */,
				051A40FD1F5C99AE00D1DD90 /* Main.storyboard */,
				051A41001F5C99AE00D1DD90 /* Assets.xcassets */,
				051A41021F5C99AE00D1DD90 /* LaunchScreen.storyboard */,
				051A41051F5C99AE00D1DD90 /* Info.plist */,
			);
			path = "app-swoosh";
			sourceTree = "<group>";
		};
		051A410B1F5C9F3400D1DD90 /* View */ = {
			isa = PBXGroup;
			children = (
				051A410C1F5C9F9700D1DD90 /* BorderButton.swift */,
			);
			name = View;
			sourceTree = "<group>";
		};
/* End PBXGroup section */

/* Begin PBXNativeTarget section */
		051A40F51F5C99AE00D1DD90 /* app-swoosh */ = {
			isa = PBXNativeTarget;
			buildConfigurationList = 051A41081F5C99AE00D1DD90 /* Build configuration list for PBXNativeTarget "app-swoosh" */;
			buildPhases = (
				051A40F21F5C99AE00D1DD90 /* Sources */,
				051A40F31F5C99AE00D1DD90 /* Frameworks */,
				051A40F41F5C99AE00D1DD90 /* Resources */,
			);
			buildRules = (
			);
			dependencies = (
			);
			name = "app-swoosh";
			productName = "app-swoosh";
			productReference = 051A40F61F5C99AE00D1DD90 /* app-swoosh.app */;
			productType = "com.apple.product-type.application";
		};
/* End PBXNativeTarget section */

/* Begin PBXProject section */
		051A40EE1F5C99AE00D1DD90 /* Project object */ = {
			isa = PBXProject;
			attributes = {
				LastSwiftUpdateCheck = 0830;
				LastUpgradeCheck = 0830;
				ORGANIZATIONNAME = Nadia;
				TargetAttributes = {
					051A40F51F5C99AE00D1DD90 = {
						CreatedOnToolsVersion = 8.3.3;
						DevelopmentTeam = 479NNB3582;
						ProvisioningStyle = Automatic;
					};
				};
			};
			buildConfigurationList = 051A40F11F5C99AE00D1DD90 /* Build configuration list for PBXProject "app-swoosh" */;
			compatibilityVersion = "Xcode 3.2";
			developmentRegion = English;
			hasScannedForEncodings = 0;
			knownRegions = (
				en,
				Base,
			);
			mainGroup = 051A40ED1F5C99AE00D1DD90;
			productRefGroup = 051A40F71F5C99AE00D1DD90 /* Products */;
			projectDirPath = "";
			projectRoot = "";
			targets = (
				051A40F51F5C99AE00D1DD90 /* app-swoosh */,
			);
		};
/* End PBXProject section */

/* Begin PBXResourcesBuildPhase section */
		051A40F41F5C99AE00D1DD90 /* Resources */ = {
			isa = PBXResourcesBuildPhase;
			buildActionMask = 2147483647;
			files = (
				051A41041F5C99AE00D1DD90 /* LaunchScreen.storyboard in Resources */,
				051A41011F5C99AE00D1DD90 /* Assets.xcassets in Resources */,
				051A40FF1F5C99AE00D1DD90 /* Main.storyboard in Resources */,
			);
			runOnlyForDeploymentPostprocessing = 0;
		};
/* End PBXResourcesBuildPhase section */

/* Begin PBXSourcesBuildPhase section */
		051A40F21F5C99AE00D1DD90 /* Sources */ = {
			isa = PBXSourcesBuildPhase;
			buildActionMask = 2147483647;
			files = (
				051A40FC1F5C99AE00D1DD90 /* WelcomeVC.swift in Sources */,
				0513BA7F1F5E8C710090DD94 /* LeagueVC.swift in Sources */,
				051A40FA1F5C99AE00D1DD90 /* AppDelegate.swift in Sources */,
				0513BA811F5E8C810090DD94 /* SkillVC.swift in Sources */,
				055F92291F5E99E4000D3450 /* Player.swift in Sources */,
				051A410D1F5C9F9700D1DD90 /* BorderButton.swift in Sources */,
			);
			runOnlyForDeploymentPostprocessing = 0;
		};
/* End PBXSourcesBuildPhase section */

/* Begin PBXVariantGroup section */
		051A40FD1F5C99AE00D1DD90 /* Main.storyboard */ = {
			isa = PBXVariantGroup;
			children = (
				051A40FE1F5C99AE00D1DD90 /* Base */,
			);
			name = Main.storyboard;
			sourceTree = "<group>";
		};
		051A41021F5C99AE00D1DD90 /* LaunchScreen.storyboard */ = {
			isa = PBXVariantGroup;
			children = (
				051A41031F5C99AE00D1DD90 /* Base */,
			);
			name = LaunchScreen.storyboard;
			sourceTree = "<group>";
		};
/* End PBXVariantGroup section */

/* Begin XCBuildConfiguration section */
		051A41061F5C99AE00D1DD90 /* Debug */ = {
			isa = XCBuildConfiguration;
			buildSettings = {
				ALWAYS_SEARCH_USER_PATHS = NO;
				CLANG_ANALYZER_NONNULL = YES;
				CLANG_ANALYZER_NUMBER_OBJECT_CONVERSION = YES_AGGRESSIVE;
				CLANG_CXX_LANGUAGE_STANDARD = "gnu++0x";
				CLANG_CXX_LIBRARY = "libc++";
				CLANG_ENABLE_MODULES = YES;
				CLANG_ENABLE_OBJC_ARC = YES;
				CLANG_WARN_BOOL_CONVERSION = YES;
				CLANG_WARN_CONSTANT_CONVERSION = YES;
				CLANG_WARN_DIRECT_OBJC_ISA_USAGE = YES_ERROR;
				CLANG_WARN_DOCUMENTATION_COMMENTS = YES;
				CLANG_WARN_EMPTY_BODY = YES;
				CLANG_WARN_ENUM_CONVERSION = YES;
				CLANG_WARN_INFINITE_RECURSION = YES;
				CLANG_WARN_INT_CONVERSION = YES;
				CLANG_WARN_OBJC_ROOT_CLASS = YES_ERROR;
				CLANG_WARN_SUSPICIOUS_MOVE = YES;
				CLANG_WARN_UNREACHABLE_CODE = YES;
				CLANG_WARN__DUPLICATE_METHOD_MATCH = YES;
				"CODE_SIGN_IDENTITY[sdk=iphoneos*]" = "iPhone Developer";
				COPY_PHASE_STRIP = NO;
				DEBUG_INFORMATION_FORMAT = dwarf;
				ENABLE_STRICT_OBJC_MSGSEND = YES;
				ENABLE_TESTABILITY = YES;
				GCC_C_LANGUAGE_STANDARD = gnu99;
				GCC_DYNAMIC_NO_PIC = NO;
				GCC_NO_COMMON_BLOCKS = YES;
				GCC_OPTIMIZATION_LEVEL = 0;
				GCC_PREPROCESSOR_DEFINITIONS = (
					"DEBUG=1",
					"$(inherited)",
				);
				GCC_WARN_64_TO_32_BIT_CONVERSION = YES;
				GCC_WARN_ABOUT_RETURN_TYPE = YES_ERROR;
				GCC_WARN_UNDECLARED_SELECTOR = YES;
				GCC_WARN_UNINITIALIZED_AUTOS = YES_AGGRESSIVE;
				GCC_WARN_UNUSED_FUNCTION = YES;
				GCC_WARN_UNUSED_VARIABLE = YES;
				IPHONEOS_DEPLOYMENT_TARGET = 10.3;
				MTL_ENABLE_DEBUG_INFO = YES;
				ONLY_ACTIVE_ARCH = YES;
				SDKROOT = iphoneos;
				SWIFT_ACTIVE_COMPILATION_CONDITIONS = DEBUG;
				SWIFT_OPTIMIZATION_LEVEL = "-Onone";
			};
			name = Debug;
		};
		051A41071F5C99AE00D1DD90 /* Release */ = {
			isa = XCBuildConfiguration;
			buildSettings = {
				ALWAYS_SEARCH_USER_PATHS = NO;
				CLANG_ANALYZER_NONNULL = YES;
				CLANG_ANALYZER_NUMBER_OBJECT_CONVERSION = YES_AGGRESSIVE;
				CLANG_CXX_LANGUAGE_STANDARD = "gnu++0x";
				CLANG_CXX_LIBRARY = "libc++";
				CLANG_ENABLE_MODULES = YES;
				CLANG_ENABLE_OBJC_ARC = YES;
				CLANG_WARN_BOOL_CONVERSION = YES;
				CLANG_WARN_CONSTANT_CONVERSION = YES;
				CLANG_WARN_DIRECT_OBJC_ISA_USAGE = YES_ERROR;
				CLANG_WARN_DOCUMENTATION_COMMENTS = YES;
				CLANG_WARN_EMPTY_BODY = YES;
				CLANG_WARN_ENUM_CONVERSION = YES;
				CLANG_WARN_INFINITE_RECURSION = YES;
				CLANG_WARN_INT_CONVERSION = YES;
				CLANG_WARN_OBJC_ROOT_CLASS = YES_ERROR;
				CLANG_WARN_SUSPICIOUS_MOVE = YES;
				CLANG_WARN_UNREACHABLE_CODE = YES;
				CLANG_WARN__DUPLICATE_METHOD_MATCH = YES;
				"CODE_SIGN_IDENTITY[sdk=iphoneos*]" = "iPhone Developer";
				COPY_PHASE_STRIP = NO;
				DEBUG_INFORMATION_FORMAT = "dwarf-with-dsym";
				ENABLE_NS_ASSERTIONS = NO;
				ENABLE_STRICT_OBJC_MSGSEND = YES;
				GCC_C_LANGUAGE_STANDARD = gnu99;
				GCC_NO_COMMON_BLOCKS = YES;
				GCC_WARN_64_TO_32_BIT_CONVERSION = YES;
				GCC_WARN_ABOUT_RETURN_TYPE = YES_ERROR;
				GCC_WARN_UNDECLARED_SELECTOR = YES;
				GCC_WARN_UNINITIALIZED_AUTOS = YES_AGGRESSIVE;
				GCC_WARN_UNUSED_FUNCTION = YES;
				GCC_WARN_UNUSED_VARIABLE = YES;
				IPHONEOS_DEPLOYMENT_TARGET = 10.3;
				MTL_ENABLE_DEBUG_INFO = NO;
				SDKROOT = iphoneos;
				SWIFT_OPTIMIZATION_LEVEL = "-Owholemodule";
				VALIDATE_PRODUCT = YES;
			};
			name = Release;
		};
		051A41091F5C99AE00D1DD90 /* Debug */ = {
			isa = XCBuildConfiguration;
			buildSettings = {
				ASSETCATALOG_COMPILER_APPICON_NAME = AppIcon;
				DEVELOPMENT_TEAM = 479NNB3582;
				INFOPLIST_FILE = "app-swoosh/Info.plist";
				LD_RUNPATH_SEARCH_PATHS = "$(inherited) @executable_path/Frameworks";
				PRODUCT_BUNDLE_IDENTIFIER = "com.seirocode.app-swoosh";
				PRODUCT_NAME = "$(TARGET_NAME)";
				SWIFT_VERSION = 3.0;
			};
			name = Debug;
		};
		051A410A1F5C99AE00D1DD90 /* Release */ = {
			isa = XCBuildConfiguration;
			buildSettings = {
				ASSETCATALOG_COMPILER_APPICON_NAME = AppIcon;
				DEVELOPMENT_TEAM = 479NNB3582;
				INFOPLIST_FILE = "app-swoosh/Info.plist";
				LD_RUNPATH_SEARCH_PATHS = "$(inherited) @executable_path/Frameworks";
				PRODUCT_BUNDLE_IDENTIFIER = "com.seirocode.app-swoosh";
				PRODUCT_NAME = "$(TARGET_NAME)";
				SWIFT_VERSION = 3.0;
			};
			name = Release;
		};
/* End XCBuildConfiguration section */

/* Begin XCConfigurationList section */
		051A40F11F5C99AE00D1DD90 /* Build configuration list for PBXProject "app-swoosh" */ = {
			isa = XCConfigurationList;
			buildConfigurations = (
				051A41061F5C99AE00D1DD90 /* Debug */,
				051A41071F5C99AE00D1DD90 /* Release */,
			);
			defaultConfigurationIsVisible = 0;
			defaultConfigurationName = Release;
		};
		051A41081F5C99AE00D1DD90 /* Build configuration list for PBXNativeTarget "app-swoosh" */ = {
			isa = XCConfigurationList;
			buildConfigurations = (
				051A41091F5C99AE00D1DD90 /* Debug */,
				051A410A1F5C99AE00D1DD90 /* Release */,
			);
			defaultConfigurationIsVisible = 0;
			defaultConfigurationName = Release;
		};
/* End XCConfigurationList section */
	};
	rootObject = 051A40EE1F5C99AE00D1DD90 /* Project object */;
}
