// !$*UTF8*$!
{
	archiveVersion = 1;
	classes = {
	};
	objectVersion = 48;
	objects = {

/* Begin PBXBuildFile section */
		05406CCD1F834E93001C57C5 /* AppDelegate.swift in Sources */ = {isa = PBXBuildFile; fileRef = 05406CCC1F834E93001C57C5 /* AppDelegate.swift */; };
		05406CD21F834E93001C57C5 /* Main.storyboard in Resources */ = {isa = PBXBuildFile; fileRef = 05406CD01F834E93001C57C5 /* Main.storyboard */; };
		05406CD41F834E93001C57C5 /* Assets.xcassets in Resources */ = {isa = PBXBuildFile; fileRef = 05406CD31F834E93001C57C5 /* Assets.xcassets */; };
		05406CD71F834E93001C57C5 /* LaunchScreen.storyboard in Resources */ = {isa = PBXBuildFile; fileRef = 05406CD51F834E93001C57C5 /* LaunchScreen.storyboard */; };
		058EFB351F83778300F08A36 /* ChatVC.swift in Sources */ = {isa = PBXBuildFile; fileRef = 058EFB341F83778300F08A36 /* ChatVC.swift */; };
		058EFB391F8377B700F08A36 /* ChannelVC.swift in Sources */ = {isa = PBXBuildFile; fileRef = 058EFB381F8377B700F08A36 /* ChannelVC.swift */; };
		058EFB3A1F837CEB00F08A36 /* SWRevealViewController.m in Sources */ = {isa = PBXBuildFile; fileRef = 058EFB2E1F8371A200F08A36 /* SWRevealViewController.m */; };
		058EFB3D1F83838600F08A36 /* GradientView.swift in Sources */ = {isa = PBXBuildFile; fileRef = 058EFB3C1F83838600F08A36 /* GradientView.swift */; };
		2379F5632085A8CD93ABC3FB /* Pods_smack.framework in Frameworks */ = {isa = PBXBuildFile; fileRef = C12BD32244691A4B6F727A92 /* Pods_smack.framework */; };
/* End PBXBuildFile section */

/* Begin PBXFileReference section */
		05406CC91F834E93001C57C5 /* smack.app */ = {isa = PBXFileReference; explicitFileType = wrapper.application; includeInIndex = 0; path = smack.app; sourceTree = BUILT_PRODUCTS_DIR; };
		05406CCC1F834E93001C57C5 /* AppDelegate.swift */ = {isa = PBXFileReference; lastKnownFileType = sourcecode.swift; path = AppDelegate.swift; sourceTree = "<group>"; };
		05406CD11F834E93001C57C5 /* Base */ = {isa = PBXFileReference; lastKnownFileType = file.storyboard; name = Base; path = Base.lproj/Main.storyboard; sourceTree = "<group>"; };
		05406CD31F834E93001C57C5 /* Assets.xcassets */ = {isa = PBXFileReference; lastKnownFileType = folder.assetcatalog; path = Assets.xcassets; sourceTree = "<group>"; };
		05406CD61F834E93001C57C5 /* Base */ = {isa = PBXFileReference; lastKnownFileType = file.storyboard; name = Base; path = Base.lproj/LaunchScreen.storyboard; sourceTree = "<group>"; };
		05406CD81F834E93001C57C5 /* Info.plist */ = {isa = PBXFileReference; lastKnownFileType = text.plist.xml; path = Info.plist; sourceTree = "<group>"; };
		058EFB2C1F8371A100F08A36 /* smack-Bridging-Header.h */ = {isa = PBXFileReference; lastKnownFileType = sourcecode.c.h; path = "smack-Bridging-Header.h"; sourceTree = "<group>"; };
		058EFB2D1F8371A200F08A36 /* SWRevealViewController.h */ = {isa = PBXFileReference; lastKnownFileType = sourcecode.c.h; path = SWRevealViewController.h; sourceTree = "<group>"; };
		058EFB2E1F8371A200F08A36 /* SWRevealViewController.m */ = {isa = PBXFileReference; lastKnownFileType = sourcecode.c.objc; path = SWRevealViewController.m; sourceTree = "<group>"; };
		058EFB341F83778300F08A36 /* ChatVC.swift */ = {isa = PBXFileReference; lastKnownFileType = sourcecode.swift; path = ChatVC.swift; sourceTree = "<group>"; };
		058EFB381F8377B700F08A36 /* ChannelVC.swift */ = {isa = PBXFileReference; lastKnownFileType = sourcecode.swift; path = ChannelVC.swift; sourceTree = "<group>"; };
		058EFB3C1F83838600F08A36 /* GradientView.swift */ = {isa = PBXFileReference; lastKnownFileType = sourcecode.swift; path = GradientView.swift; sourceTree = "<group>"; };
		1B72B4C6CFFB18EDFB9E5976 /* Pods-smack.release.xcconfig */ = {isa = PBXFileReference; includeInIndex = 1; lastKnownFileType = text.xcconfig; name = "Pods-smack.release.xcconfig"; path = "Pods/Target Support Files/Pods-smack/Pods-smack.release.xcconfig"; sourceTree = "<group>"; };
		315B1F3E17A0C9AFF496538A /* Pods-smack.debug.xcconfig */ = {isa = PBXFileReference; includeInIndex = 1; lastKnownFileType = text.xcconfig; name = "Pods-smack.debug.xcconfig"; path = "Pods/Target Support Files/Pods-smack/Pods-smack.debug.xcconfig"; sourceTree = "<group>"; };
		C12BD32244691A4B6F727A92 /* Pods_smack.framework */ = {isa = PBXFileReference; explicitFileType = wrapper.framework; includeInIndex = 0; path = Pods_smack.framework; sourceTree = BUILT_PRODUCTS_DIR; };
/* End PBXFileReference section */

/* Begin PBXFrameworksBuildPhase section */
		05406CC61F834E93001C57C5 /* Frameworks */ = {
			isa = PBXFrameworksBuildPhase;
			buildActionMask = 2147483647;
			files = (
				2379F5632085A8CD93ABC3FB /* Pods_smack.framework in Frameworks */,
			);
			runOnlyForDeploymentPostprocessing = 0;
		};
/* End PBXFrameworksBuildPhase section */

/* Begin PBXGroup section */
		05406CC01F834E93001C57C5 = {
			isa = PBXGroup;
			children = (
				05406CCB1F834E93001C57C5 /* smack */,
				05406CCA1F834E93001C57C5 /* Products */,
				4EA63F14AC1BEA858D803527 /* Pods */,
				8D4DCD07B9CDEEEE2A87B78F /* Frameworks */,
			);
			sourceTree = "<group>";
		};
		05406CCA1F834E93001C57C5 /* Products */ = {
			isa = PBXGroup;
			children = (
				05406CC91F834E93001C57C5 /* smack.app */,
			);
			name = Products;
			sourceTree = "<group>";
		};
		05406CCB1F834E93001C57C5 /* smack */ = {
			isa = PBXGroup;
			children = (
				058EFB331F83775C00F08A36 /* Model */,
				058EFB321F83775600F08A36 /* View */,
				058EFB311F83774800F08A36 /* Controller */,
				058EFB2B1F83717E00F08A36 /* Supporting Files */,
				05406CCC1F834E93001C57C5 /* AppDelegate.swift */,
				05406CD01F834E93001C57C5 /* Main.storyboard */,
				05406CD31F834E93001C57C5 /* Assets.xcassets */,
				05406CD51F834E93001C57C5 /* LaunchScreen.storyboard */,
				05406CD81F834E93001C57C5 /* Info.plist */,
			);
			path = smack;
			sourceTree = "<group>";
		};
		058EFB2B1F83717E00F08A36 /* Supporting Files */ = {
			isa = PBXGroup;
			children = (
				058EFB2D1F8371A200F08A36 /* SWRevealViewController.h */,
				058EFB2E1F8371A200F08A36 /* SWRevealViewController.m */,
				058EFB2C1F8371A100F08A36 /* smack-Bridging-Header.h */,
			);
			path = "Supporting Files";
			sourceTree = "<group>";
		};
		058EFB311F83774800F08A36 /* Controller */ = {
			isa = PBXGroup;
			children = (
				058EFB341F83778300F08A36 /* ChatVC.swift */,
				058EFB381F8377B700F08A36 /* ChannelVC.swift */,
			);
			path = Controller;
			sourceTree = "<group>";
		};
		058EFB321F83775600F08A36 /* View */ = {
			isa = PBXGroup;
			children = (
				058EFB3C1F83838600F08A36 /* GradientView.swift */,
			);
			path = View;
			sourceTree = "<group>";
		};
		058EFB331F83775C00F08A36 /* Model */ = {
			isa = PBXGroup;
			children = (
			);
			path = Model;
			sourceTree = "<group>";
		};
		4EA63F14AC1BEA858D803527 /* Pods */ = {
			isa = PBXGroup;
			children = (
				315B1F3E17A0C9AFF496538A /* Pods-smack.debug.xcconfig */,
				1B72B4C6CFFB18EDFB9E5976 /* Pods-smack.release.xcconfig */,
			);
			name = Pods;
			sourceTree = "<group>";
		};
		8D4DCD07B9CDEEEE2A87B78F /* Frameworks */ = {
			isa = PBXGroup;
			children = (
				C12BD32244691A4B6F727A92 /* Pods_smack.framework */,
			);
			name = Frameworks;
			sourceTree = "<group>";
		};
/* End PBXGroup section */

/* Begin PBXNativeTarget section */
		05406CC81F834E93001C57C5 /* smack */ = {
			isa = PBXNativeTarget;
			buildConfigurationList = 05406CDB1F834E93001C57C5 /* Build configuration list for PBXNativeTarget "smack" */;
			buildPhases = (
				65D8F89E5A8458B655871FE5 /* [CP] Check Pods Manifest.lock */,
				05406CC51F834E93001C57C5 /* Sources */,
				05406CC61F834E93001C57C5 /* Frameworks */,
				05406CC71F834E93001C57C5 /* Resources */,
				9C0AFC292F7AAD0C64AB22CD /* [CP] Embed Pods Frameworks */,
				4B7800D9068D2CF2D3BD0253 /* [CP] Copy Pods Resources */,
			);
			buildRules = (
			);
			dependencies = (
			);
			name = smack;
			productName = smack;
			productReference = 05406CC91F834E93001C57C5 /* smack.app */;
			productType = "com.apple.product-type.application";
		};
/* End PBXNativeTarget section */

/* Begin PBXProject section */
		05406CC11F834E93001C57C5 /* Project object */ = {
			isa = PBXProject;
			attributes = {
				LastSwiftUpdateCheck = 0900;
				LastUpgradeCheck = 0900;
				ORGANIZATIONNAME = Nadia;
				TargetAttributes = {
					05406CC81F834E93001C57C5 = {
						CreatedOnToolsVersion = 9.0;
						LastSwiftMigration = 0900;
						ProvisioningStyle = Automatic;
					};
				};
			};
			buildConfigurationList = 05406CC41F834E93001C57C5 /* Build configuration list for PBXProject "smack" */;
			compatibilityVersion = "Xcode 8.0";
			developmentRegion = en;
			hasScannedForEncodings = 0;
			knownRegions = (
				en,
				Base,
			);
			mainGroup = 05406CC01F834E93001C57C5;
			productRefGroup = 05406CCA1F834E93001C57C5 /* Products */;
			projectDirPath = "";
			projectRoot = "";
			targets = (
				05406CC81F834E93001C57C5 /* smack */,
			);
		};
/* End PBXProject section */

/* Begin PBXResourcesBuildPhase section */
		05406CC71F834E93001C57C5 /* Resources */ = {
			isa = PBXResourcesBuildPhase;
			buildActionMask = 2147483647;
			files = (
				05406CD71F834E93001C57C5 /* LaunchScreen.storyboard in Resources */,
				05406CD41F834E93001C57C5 /* Assets.xcassets in Resources */,
				05406CD21F834E93001C57C5 /* Main.storyboard in Resources */,
			);
			runOnlyForDeploymentPostprocessing = 0;
		};
/* End PBXResourcesBuildPhase section */

/* Begin PBXShellScriptBuildPhase section */
		4B7800D9068D2CF2D3BD0253 /* [CP] Copy Pods Resources */ = {
			isa = PBXShellScriptBuildPhase;
			buildActionMask = 2147483647;
			files = (
			);
			inputPaths = (
			);
			name = "[CP] Copy Pods Resources";
			outputPaths = (
			);
			runOnlyForDeploymentPostprocessing = 0;
			shellPath = /bin/sh;
			shellScript = "\"${SRCROOT}/Pods/Target Support Files/Pods-smack/Pods-smack-resources.sh\"\n";
			showEnvVarsInLog = 0;
		};
		65D8F89E5A8458B655871FE5 /* [CP] Check Pods Manifest.lock */ = {
			isa = PBXShellScriptBuildPhase;
			buildActionMask = 2147483647;
			files = (
			);
			inputPaths = (
			);
			name = "[CP] Check Pods Manifest.lock";
			outputPaths = (
			);
			runOnlyForDeploymentPostprocessing = 0;
			shellPath = /bin/sh;
			shellScript = "diff \"${PODS_ROOT}/../Podfile.lock\" \"${PODS_ROOT}/Manifest.lock\" > /dev/null\nif [ $? != 0 ] ; then\n    # print error to STDERR\n    echo \"error: The sandbox is not in sync with the Podfile.lock. Run 'pod install' or update your CocoaPods installation.\" >&2\n    exit 1\nfi\n";
			showEnvVarsInLog = 0;
		};
		9C0AFC292F7AAD0C64AB22CD /* [CP] Embed Pods Frameworks */ = {
			isa = PBXShellScriptBuildPhase;
			buildActionMask = 2147483647;
			files = (
			);
			inputPaths = (
			);
			name = "[CP] Embed Pods Frameworks";
			outputPaths = (
			);
			runOnlyForDeploymentPostprocessing = 0;
			shellPath = /bin/sh;
			shellScript = "\"${SRCROOT}/Pods/Target Support Files/Pods-smack/Pods-smack-frameworks.sh\"\n";
			showEnvVarsInLog = 0;
		};
/* End PBXShellScriptBuildPhase section */

/* Begin PBXSourcesBuildPhase section */
		05406CC51F834E93001C57C5 /* Sources */ = {
			isa = PBXSourcesBuildPhase;
			buildActionMask = 2147483647;
			files = (
				058EFB391F8377B700F08A36 /* ChannelVC.swift in Sources */,
				058EFB351F83778300F08A36 /* ChatVC.swift in Sources */,
				058EFB3D1F83838600F08A36 /* GradientView.swift in Sources */,
				05406CCD1F834E93001C57C5 /* AppDelegate.swift in Sources */,
				058EFB3A1F837CEB00F08A36 /* SWRevealViewController.m in Sources */,
			);
			runOnlyForDeploymentPostprocessing = 0;
		};
/* End PBXSourcesBuildPhase section */

/* Begin PBXVariantGroup section */
		05406CD01F834E93001C57C5 /* Main.storyboard */ = {
			isa = PBXVariantGroup;
			children = (
				05406CD11F834E93001C57C5 /* Base */,
			);
			name = Main.storyboard;
			sourceTree = "<group>";
		};
		05406CD51F834E93001C57C5 /* LaunchScreen.storyboard */ = {
			isa = PBXVariantGroup;
			children = (
				05406CD61F834E93001C57C5 /* Base */,
			);
			name = LaunchScreen.storyboard;
			sourceTree = "<group>";
		};
/* End PBXVariantGroup section */

/* Begin XCBuildConfiguration section */
		05406CD91F834E93001C57C5 /* Debug */ = {
			isa = XCBuildConfiguration;
			buildSettings = {
				ALWAYS_SEARCH_USER_PATHS = NO;
				CLANG_ANALYZER_NONNULL = YES;
				CLANG_ANALYZER_NUMBER_OBJECT_CONVERSION = YES_AGGRESSIVE;
				CLANG_CXX_LANGUAGE_STANDARD = "gnu++14";
				CLANG_CXX_LIBRARY = "libc++";
				CLANG_ENABLE_MODULES = YES;
				CLANG_ENABLE_OBJC_ARC = YES;
				CLANG_WARN_BLOCK_CAPTURE_AUTORELEASING = YES;
				CLANG_WARN_BOOL_CONVERSION = YES;
				CLANG_WARN_COMMA = YES;
				CLANG_WARN_CONSTANT_CONVERSION = YES;
				CLANG_WARN_DIRECT_OBJC_ISA_USAGE = YES_ERROR;
				CLANG_WARN_DOCUMENTATION_COMMENTS = YES;
				CLANG_WARN_EMPTY_BODY = YES;
				CLANG_WARN_ENUM_CONVERSION = YES;
				CLANG_WARN_INFINITE_RECURSION = YES;
				CLANG_WARN_INT_CONVERSION = YES;
				CLANG_WARN_NON_LITERAL_NULL_CONVERSION = YES;
				CLANG_WARN_OBJC_LITERAL_CONVERSION = YES;
				CLANG_WARN_OBJC_ROOT_CLASS = YES_ERROR;
				CLANG_WARN_RANGE_LOOP_ANALYSIS = YES;
				CLANG_WARN_STRICT_PROTOTYPES = YES;
				CLANG_WARN_SUSPICIOUS_MOVE = YES;
				CLANG_WARN_UNGUARDED_AVAILABILITY = YES_AGGRESSIVE;
				CLANG_WARN_UNREACHABLE_CODE = YES;
				CLANG_WARN__DUPLICATE_METHOD_MATCH = YES;
				CODE_SIGN_IDENTITY = "iPhone Developer";
				COPY_PHASE_STRIP = NO;
				DEBUG_INFORMATION_FORMAT = dwarf;
				ENABLE_STRICT_OBJC_MSGSEND = YES;
				ENABLE_TESTABILITY = YES;
				GCC_C_LANGUAGE_STANDARD = gnu11;
				GCC_DYNAMIC_NO_PIC = NO;
				GCC_NO_COMMON_BLOCKS = YES;
				GCC_OPTIMIZATION_LEVEL = 0;
				GCC_PREPROCESSOR_DEFINITIONS = (
					"DEBUG=1",
					"$(inherited)",
				);
				GCC_WARN_64_TO_32_BIT_CONVERSION = YES;
				GCC_WARN_ABOUT_RETURN_TYPE = YES_ERROR;
				GCC_WARN_UNDECLARED_SELECTOR = YES;
				GCC_WARN_UNINITIALIZED_AUTOS = YES_AGGRESSIVE;
				GCC_WARN_UNUSED_FUNCTION = YES;
				GCC_WARN_UNUSED_VARIABLE = YES;
				IPHONEOS_DEPLOYMENT_TARGET = 11.0;
				MTL_ENABLE_DEBUG_INFO = YES;
				ONLY_ACTIVE_ARCH = YES;
				SDKROOT = iphoneos;
				SWIFT_ACTIVE_COMPILATION_CONDITIONS = DEBUG;
				SWIFT_OPTIMIZATION_LEVEL = "-Onone";
			};
			name = Debug;
		};
		05406CDA1F834E93001C57C5 /* Release */ = {
			isa = XCBuildConfiguration;
			buildSettings = {
				ALWAYS_SEARCH_USER_PATHS = NO;
				CLANG_ANALYZER_NONNULL = YES;
				CLANG_ANALYZER_NUMBER_OBJECT_CONVERSION = YES_AGGRESSIVE;
				CLANG_CXX_LANGUAGE_STANDARD = "gnu++14";
				CLANG_CXX_LIBRARY = "libc++";
				CLANG_ENABLE_MODULES = YES;
				CLANG_ENABLE_OBJC_ARC = YES;
				CLANG_WARN_BLOCK_CAPTURE_AUTORELEASING = YES;
				CLANG_WARN_BOOL_CONVERSION = YES;
				CLANG_WARN_COMMA = YES;
				CLANG_WARN_CONSTANT_CONVERSION = YES;
				CLANG_WARN_DIRECT_OBJC_ISA_USAGE = YES_ERROR;
				CLANG_WARN_DOCUMENTATION_COMMENTS = YES;
				CLANG_WARN_EMPTY_BODY = YES;
				CLANG_WARN_ENUM_CONVERSION = YES;
				CLANG_WARN_INFINITE_RECURSION = YES;
				CLANG_WARN_INT_CONVERSION = YES;
				CLANG_WARN_NON_LITERAL_NULL_CONVERSION = YES;
				CLANG_WARN_OBJC_LITERAL_CONVERSION = YES;
				CLANG_WARN_OBJC_ROOT_CLASS = YES_ERROR;
				CLANG_WARN_RANGE_LOOP_ANALYSIS = YES;
				CLANG_WARN_STRICT_PROTOTYPES = YES;
				CLANG_WARN_SUSPICIOUS_MOVE = YES;
				CLANG_WARN_UNGUARDED_AVAILABILITY = YES_AGGRESSIVE;
				CLANG_WARN_UNREACHABLE_CODE = YES;
				CLANG_WARN__DUPLICATE_METHOD_MATCH = YES;
				CODE_SIGN_IDENTITY = "iPhone Developer";
				COPY_PHASE_STRIP = NO;
				DEBUG_INFORMATION_FORMAT = "dwarf-with-dsym";
				ENABLE_NS_ASSERTIONS = NO;
				ENABLE_STRICT_OBJC_MSGSEND = YES;
				GCC_C_LANGUAGE_STANDARD = gnu11;
				GCC_NO_COMMON_BLOCKS = YES;
				GCC_WARN_64_TO_32_BIT_CONVERSION = YES;
				GCC_WARN_ABOUT_RETURN_TYPE = YES_ERROR;
				GCC_WARN_UNDECLARED_SELECTOR = YES;
				GCC_WARN_UNINITIALIZED_AUTOS = YES_AGGRESSIVE;
				GCC_WARN_UNUSED_FUNCTION = YES;
				GCC_WARN_UNUSED_VARIABLE = YES;
				IPHONEOS_DEPLOYMENT_TARGET = 11.0;
				MTL_ENABLE_DEBUG_INFO = NO;
				SDKROOT = iphoneos;
				SWIFT_OPTIMIZATION_LEVEL = "-Owholemodule";
				VALIDATE_PRODUCT = YES;
			};
			name = Release;
		};
		05406CDC1F834E93001C57C5 /* Debug */ = {
			isa = XCBuildConfiguration;
			baseConfigurationReference = 315B1F3E17A0C9AFF496538A /* Pods-smack.debug.xcconfig */;
			buildSettings = {
				ASSETCATALOG_COMPILER_APPICON_NAME = AppIcon;
				CLANG_ENABLE_MODULES = YES;
				CODE_SIGN_STYLE = Automatic;
				DEVELOPMENT_TEAM = 9U587KJQH9;
				INFOPLIST_FILE = smack/Info.plist;
				LD_RUNPATH_SEARCH_PATHS = "$(inherited) @executable_path/Frameworks";
				PRODUCT_BUNDLE_IDENTIFIER = "com.seirocode.smack-app";
				PRODUCT_NAME = "$(TARGET_NAME)";
				SWIFT_OBJC_BRIDGING_HEADER = "smack/Supporting Files/smack-Bridging-Header.h";
				SWIFT_OPTIMIZATION_LEVEL = "-Owholemodule";
				SWIFT_VERSION = 4.0;
				TARGETED_DEVICE_FAMILY = "1,2";
			};
			name = Debug;
		};
		05406CDD1F834E93001C57C5 /* Release */ = {
			isa = XCBuildConfiguration;
			baseConfigurationReference = 1B72B4C6CFFB18EDFB9E5976 /* Pods-smack.release.xcconfig */;
			buildSettings = {
				ASSETCATALOG_COMPILER_APPICON_NAME = AppIcon;
				CLANG_ENABLE_MODULES = YES;
				CODE_SIGN_STYLE = Automatic;
				DEVELOPMENT_TEAM = 9U587KJQH9;
				INFOPLIST_FILE = smack/Info.plist;
				LD_RUNPATH_SEARCH_PATHS = "$(inherited) @executable_path/Frameworks";
				PRODUCT_BUNDLE_IDENTIFIER = "com.seirocode.smack-app";
				PRODUCT_NAME = "$(TARGET_NAME)";
				SWIFT_OBJC_BRIDGING_HEADER = "smack/Supporting Files/smack-Bridging-Header.h";
				SWIFT_VERSION = 4.0;
				TARGETED_DEVICE_FAMILY = "1,2";
			};
			name = Release;
		};
/* End XCBuildConfiguration section */

/* Begin XCConfigurationList section */
		05406CC41F834E93001C57C5 /* Build configuration list for PBXProject "smack" */ = {
			isa = XCConfigurationList;
			buildConfigurations = (
				05406CD91F834E93001C57C5 /* Debug */,
				05406CDA1F834E93001C57C5 /* Release */,
			);
			defaultConfigurationIsVisible = 0;
			defaultConfigurationName = Release;
		};
		05406CDB1F834E93001C57C5 /* Build configuration list for PBXNativeTarget "smack" */ = {
			isa = XCConfigurationList;
			buildConfigurations = (
				05406CDC1F834E93001C57C5 /* Debug */,
				05406CDD1F834E93001C57C5 /* Release */,
			);
			defaultConfigurationIsVisible = 0;
			defaultConfigurationName = Release;
		};
/* End XCConfigurationList section */
	};
	rootObject = 05406CC11F834E93001C57C5 /* Project object */;
}
